github.com/runvil/framework v0.1.0 h1:uofbfkDOU88HbSR6zRy4zaPcZz97CSNnKw2/EM8qjcE=
github.com/runvil/framework v0.1.0/go.mod h1:GNMICGfl4hphfgTcXTsf0V+STtcBOzIbo5+1ZGyTPTY=
github.com/runvil/mdbind v0.3.0 h1:kUN87q8did0bcmubOgeg2XDbu3hRsTHMwlJNS/j95g4=
github.com/runvil/mdbind v0.3.0/go.mod h1:UOl8Snt7l+78sOXnrhFADgZYHC9flS7U6NHBvYNY6lc=
github.com/yuin/goldmark v1.8.5 h1:r6N5afV5qj/5S4UTch8agZHJ8UxNCMwX7WjkkJam2NA=
github.com/yuin/goldmark v1.8.5/go.mod h1:ip/1k0VRfGynBgxOz0yCqHrbZXhcjxyuS66Brc7iBKg=
