github.com/runvil/framework v0.2.0 h1:oyRnyZkLXRQntOQLElepwEh4kEiDZlZJOygLIOLYnkw=
github.com/runvil/framework v0.2.0/go.mod h1:GNMICGfl4hphfgTcXTsf0V+STtcBOzIbo5+1ZGyTPTY=
github.com/runvil/mdbind v0.4.0 h1:TRTXKm+3I5Hja6mNAXAHlz+xM1byjs3/i++P7CfBuoI=
github.com/runvil/mdbind v0.4.0/go.mod h1:eo7eZeXjoDsOS0mwtfomOMUEehvnmPvY43WNld06nJw=
github.com/yuin/goldmark v1.8.5 h1:r6N5afV5qj/5S4UTch8agZHJ8UxNCMwX7WjkkJam2NA=
github.com/yuin/goldmark v1.8.5/go.mod h1:ip/1k0VRfGynBgxOz0yCqHrbZXhcjxyuS66Brc7iBKg=
