github.com/runvil/framework v0.3.0 h1:2vjxcFa5wi0Hx92zk2Ib0YWcuwdsKXD//eApKNZNChM=
github.com/runvil/framework v0.3.0/go.mod h1:GNMICGfl4hphfgTcXTsf0V+STtcBOzIbo5+1ZGyTPTY=
github.com/runvil/mdbind v0.4.1 h1:TTBuF7+7QNE57vXhJ8xypEUUbjFLQ6/pdM8h6mC1YxI=
github.com/runvil/mdbind v0.4.1/go.mod h1:wF8R8OJ1qR4SKVvGAa6qCI5jYgc2oXp/QuBV3pD53UM=
github.com/yuin/goldmark v1.8.5 h1:r6N5afV5qj/5S4UTch8agZHJ8UxNCMwX7WjkkJam2NA=
github.com/yuin/goldmark v1.8.5/go.mod h1:ip/1k0VRfGynBgxOz0yCqHrbZXhcjxyuS66Brc7iBKg=
